
Microsoft Visual Studio Solution File, Format Version 12.00
# Visual Studio Version 17
VisualStudioVersion = 17.0.31903.59
MinimumVisualStudioVersion = 10.0.40219.1
Project("{9A19103F-16F7-4668-BE54-9A1E7A4F7556}") = "CheckoutSystem.Core", "CheckoutSystem.Core\CheckoutSystem.Core.csproj", "{C6D609D1-96A0-4919-9335-16D59213862E}"
EndProject
Project("{9A19103F-16F7-4668-BE54-9A1E7A4F7556}") = "CheckoutSystem.Infrastructure", "CheckoutSystem.Infrastructure\CheckoutSystem.Infrastructure.csproj", "{04EDD2D2-C1E8-4A6C-A3BC-21C75A0037E9}"
EndProject
Project("{9A19103F-16F7-4668-BE54-9A1E7A4F7556}") = "CheckoutSystem.Tests", "CheckoutSystem.Tests\CheckoutSystem.Tests.csproj", "{F359020F-A647-47F6-83D4-76F9DD983FCE}"
EndProject
Project("{9A19103F-16F7-4668-BE54-9A1E7A4F7556}") = "CheckoutSystem.ConsoleApp", "CheckoutSystem.ConsoleApp\CheckoutSystem.ConsoleApp.csproj", "{7B435D4C-CA8A-462F-9488-2F63A12F5828}"
EndProject
Global
	GlobalSection(SolutionConfigurationPlatforms) = preSolution
		Debug|Any CPU = Debug|Any CPU
		Release|Any CPU = Release|Any CPU
	EndGlobalSection
	GlobalSection(ProjectConfigurationPlatforms) = postSolution
		{C6D609D1-96A0-4919-9335-16D59213862E}.Debug|Any CPU.ActiveCfg = Debug|Any CPU
		{C6D609D1-96A0-4919-9335-16D59213862E}.Debug|Any CPU.Build.0 = Debug|Any CPU
		{C6D609D1-96A0-4919-9335-16D59213862E}.Release|Any CPU.ActiveCfg = Release|Any CPU
		{C6D609D1-96A0-4919-9335-16D59213862E}.Release|Any CPU.Build.0 = Release|Any CPU
		{04EDD2D2-C1E8-4A6C-A3BC-21C75A0037E9}.Debug|Any CPU.ActiveCfg = Debug|Any CPU
		{04EDD2D2-C1E8-4A6C-A3BC-21C75A0037E9}.Debug|Any CPU.Build.0 = Debug|Any CPU
		{04EDD2D2-C1E8-4A6C-A3BC-21C75A0037E9}.Release|Any CPU.ActiveCfg = Release|Any CPU
		{04EDD2D2-C1E8-4A6C-A3BC-21C75A0037E9}.Release|Any CPU.Build.0 = Release|Any CPU
		{F359020F-A647-47F6-83D4-76F9DD983FCE}.Debug|Any CPU.ActiveCfg = Debug|Any CPU
		{F359020F-A647-47F6-83D4-76F9DD983FCE}.Debug|Any CPU.Build.0 = Debug|Any CPU
		{F359020F-A647-47F6-83D4-76F9DD983FCE}.Release|Any CPU.ActiveCfg = Release|Any CPU
		{F359020F-A647-47F6-83D4-76F9DD983FCE}.Release|Any CPU.Build.0 = Release|Any CPU
		{7B435D4C-CA8A-462F-9488-2F63A12F5828}.Debug|Any CPU.ActiveCfg = Debug|Any CPU
		{7B435D4C-CA8A-462F-9488-2F63A12F5828}.Debug|Any CPU.Build.0 = Debug|Any CPU
		{7B435D4C-CA8A-462F-9488-2F63A12F5828}.Release|Any CPU.ActiveCfg = Release|Any CPU
		{7B435D4C-CA8A-462F-9488-2F63A12F5828}.Release|Any CPU.Build.0 = Release|Any CPU
	EndGlobalSection
	GlobalSection(SolutionProperties) = preSolution
		HideSolutionNode = FALSE
	EndGlobalSection
EndGlobal
